PODS:
  - Amplitude (8.16.1):
    - AnalyticsConnector (~> 1.0.0)
  - amplitude_flutter (0.0.1):
    - Amplitude (= 8.16.1)
    - Flutter
  - AnalyticsConnector (1.0.1)
  - Flutter (1.0.0)

DEPENDENCIES:
  - amplitude_flutter (from `.symlinks/plugins/amplitude_flutter/ios`)
  - Flutter (from `Flutter`)

SPEC REPOS:
  trunk:
    - Amplitude
    - AnalyticsConnector

EXTERNAL SOURCES:
  amplitude_flutter:
    :path: ".symlinks/plugins/amplitude_flutter/ios"
  Flutter:
    :path: Flutter

SPEC CHECKSUMS:
  Amplitude: fe18b3bbd880f2d9174b8109b79a77cd67687e2d
  amplitude_flutter: 6216e64320d2dbe4e5be2764381d93280499211f
  AnalyticsConnector: eccd7e1cd3dd18e6bd09ac2506e37d4ed43ba3f4
  Flutter: f04841e97a9d0b0a8025694d0796dd46242b2854

PODFILE CHECKSUM: 6b9eb94e9f98a329f2ef624b852a6e42d090af2b

COCOAPODS: 1.12.1
